
Microsoft Visual Studio Solution File, Format Version 12.00
# Visual Studio 15
VisualStudioVersion = 15.0.28307.168
MinimumVisualStudioVersion = 10.0.40219.1
Project("{FAE04EC0-301F-11D3-BF4B-00C04F79EFBC}") = "CG.Proj1", "CG.Proj1\CG.Proj1.csproj", "{4A1FB6CA-A78E-4FD9-80BB-2B86C2FE7875}"
EndProject
Global
	GlobalSection(SolutionConfigurationPlatforms) = preSolution
		Debug|Any CPU = Debug|Any CPU
		Release|Any CPU = Release|Any CPU
	EndGlobalSection
	GlobalSection(ProjectConfigurationPlatforms) = postSolution
		{4A1FB6CA-A78E-4FD9-80BB-2B86C2FE7875}.Debug|Any CPU.ActiveCfg = Debug|Any CPU
		{4A1FB6CA-A78E-4FD9-80BB-2B86C2FE7875}.Debug|Any CPU.Build.0 = Debug|Any CPU
		{4A1FB6CA-A78E-4FD9-80BB-2B86C2FE7875}.Release|Any CPU.ActiveCfg = Release|Any CPU
		{4A1FB6CA-A78E-4FD9-80BB-2B86C2FE7875}.Release|Any CPU.Build.0 = Release|Any CPU
	EndGlobalSection
	GlobalSection(SolutionProperties) = preSolution
		HideSolutionNode = FALSE
	EndGlobalSection
	GlobalSection(ExtensibilityGlobals) = postSolution
		SolutionGuid = {5819968A-610E-4F5A-8F22-A25C5E2FA88F}
	EndGlobalSection
EndGlobal
